
Microsoft Visual Studio Solution File, Format Version 12.00
Project("{FAE04EC0-301F-11D3-BF4B-00C04F79EFBC}") = "HttpServer", "HttpServer\HttpServer.csproj", "{7F8C9588-BCF8-4F32-9637-B52D36B9A1E5}"
EndProject
Project("{FAE04EC0-301F-11D3-BF4B-00C04F79EFBC}") = "OstLib", "..\OstApp\OstLib\OstLib.csproj", "{AE556242-DD1A-4CBA-A065-BF6F41A2317D}"
EndProject
Project("{FAE04EC0-301F-11D3-BF4B-00C04F79EFBC}") = "TestProject1", "TestProject1\TestProject1.csproj", "{9009C692-F78E-411D-95E4-AA0097617177}"
EndProject
Global
	GlobalSection(SolutionConfigurationPlatforms) = preSolution
		Debug|Any CPU = Debug|Any CPU
		Release|Any CPU = Release|Any CPU
	EndGlobalSection
	GlobalSection(ProjectConfigurationPlatforms) = postSolution
		{7F8C9588-BCF8-4F32-9637-B52D36B9A1E5}.Debug|Any CPU.ActiveCfg = Debug|Any CPU
		{7F8C9588-BCF8-4F32-9637-B52D36B9A1E5}.Debug|Any CPU.Build.0 = Debug|Any CPU
		{7F8C9588-BCF8-4F32-9637-B52D36B9A1E5}.Release|Any CPU.ActiveCfg = Release|Any CPU
		{7F8C9588-BCF8-4F32-9637-B52D36B9A1E5}.Release|Any CPU.Build.0 = Release|Any CPU
		{AE556242-DD1A-4CBA-A065-BF6F41A2317D}.Debug|Any CPU.ActiveCfg = Debug|Any CPU
		{AE556242-DD1A-4CBA-A065-BF6F41A2317D}.Debug|Any CPU.Build.0 = Debug|Any CPU
		{AE556242-DD1A-4CBA-A065-BF6F41A2317D}.Release|Any CPU.ActiveCfg = Release|Any CPU
		{AE556242-DD1A-4CBA-A065-BF6F41A2317D}.Release|Any CPU.Build.0 = Release|Any CPU
		{9009C692-F78E-411D-95E4-AA0097617177}.Debug|Any CPU.ActiveCfg = Debug|Any CPU
		{9009C692-F78E-411D-95E4-AA0097617177}.Debug|Any CPU.Build.0 = Debug|Any CPU
		{9009C692-F78E-411D-95E4-AA0097617177}.Release|Any CPU.ActiveCfg = Release|Any CPU
		{9009C692-F78E-411D-95E4-AA0097617177}.Release|Any CPU.Build.0 = Release|Any CPU
	EndGlobalSection
EndGlobal
